
Microsoft Visual Studio Solution File, Format Version 12.00
# Visual Studio Version 17
VisualStudioVersion = 17.7.34031.279
MinimumVisualStudioVersion = 10.0.40219.1
Project("{2150E333-8FDC-42A3-9474-1A3956D46DE8}") = "Common", "Common", "{AC474D7A-4013-484B-B0E5-26262DA7C270}"
EndProject
Project("{9A19103F-16F7-4668-BE54-9A1E7A4F7556}") = "Common.ServiceBus", "Common\Common.ServiceBus\Common.ServiceBus.csproj", "{0C5A633A-2749-4DCD-86A1-ACF3ED44F2EE}"
EndProject
Project("{9A19103F-16F7-4668-BE54-9A1E7A4F7556}") = "Common.Email", "Common\Common.Email\Common.Email.csproj", "{D8FB087C-25CB-4012-8DC1-461B26C79895}"
EndProject
Project("{9A19103F-16F7-4668-BE54-9A1E7A4F7556}") = "Common.ArgumentChecks", "Common\Common.ArgumentChecks\Common.ArgumentChecks.csproj", "{CCC1EA69-CA9E-4ADB-B24A-BF8FDA12C352}"
EndProject
Project("{9A19103F-16F7-4668-BE54-9A1E7A4F7556}") = "Common.Email.Tests.Unit", "Common\Common.Email.Tests.Unit\Common.Email.Tests.Unit.csproj", "{A1FCDA59-2D81-4777-949B-12E377BE0F64}"
EndProject
Project("{9A19103F-16F7-4668-BE54-9A1E7A4F7556}") = "Common.Encryption", "Common\Common.Encryption\Common.Encryption.csproj", "{774FA28A-1895-4758-8885-864E4438120B}"
EndProject
Project("{9A19103F-16F7-4668-BE54-9A1E7A4F7556}") = "Common.Encryption.Tests.Unit", "Common\Common.Encryption.Tests.Unit\Common.Encryption.Tests.Unit.csproj", "{CAB8BBEB-97CB-40E3-9C18-5C340F734DCC}"
EndProject
Project("{2150E333-8FDC-42A3-9474-1A3956D46DE8}") = "Services", "Services", "{8E487A5C-0B1E-4D33-B6D7-BA48A809315D}"
EndProject
Project("{9A19103F-16F7-4668-BE54-9A1E7A4F7556}") = "Common.ArgumentChecks.Tests.Unit", "Common\Common.ArgumentChecks.Tests.Unit\Common.ArgumentChecks.Tests.Unit.csproj", "{B2085D5D-DB01-431E-90B1-10B372AF3D54}"
EndProject
Project("{2150E333-8FDC-42A3-9474-1A3956D46DE8}") = "Notification", "Notification", "{9F7BB7A6-608F-450D-AD10-51A7756412BA}"
EndProject
Project("{9A19103F-16F7-4668-BE54-9A1E7A4F7556}") = "Notification.Service", "Services\Notification\Notification.Service\Notification.Service.csproj", "{D38EB937-339C-431C-9B50-03E12FAC9702}"
EndProject
Project("{9A19103F-16F7-4668-BE54-9A1E7A4F7556}") = "Notification.Service.Domain", "Services\Notification\Notification.Service.Domain\Notification.Service.Domain.csproj", "{FD569CFE-2B03-4B49-B033-86BC9BEFC6AD}"
EndProject
Project("{FAE04EC0-301F-11D3-BF4B-00C04F79EFBC}") = "Notification.Service.Domain.Tests.Unit", "Services\Notification\Notification.Service.Domain.Tests.Unit\Notification.Service.Domain.Tests.Unit.csproj", "{B30B0420-757B-4F7E-A264-5A56B77D6E75}"
EndProject
Project("{FAE04EC0-301F-11D3-BF4B-00C04F79EFBC}") = "Common.Domain", "Common\Common.Domain\Common.Domain.csproj", "{75013B04-1993-4D33-9A78-CE7C45E02A5F}"
EndProject
Project("{2150E333-8FDC-42A3-9474-1A3956D46DE8}") = "Vault", "Vault", "{0843F5D2-CFDB-4D4A-884D-34D6DCA55F4A}"
EndProject
Project("{FAE04EC0-301F-11D3-BF4B-00C04F79EFBC}") = "Vault.Service", "Services\Vault\Vault.Service\Vault.Service.csproj", "{1AB039FC-875C-4AD3-96BC-00EE3204EB3A}"
EndProject
Project("{FAE04EC0-301F-11D3-BF4B-00C04F79EFBC}") = "Vault.Service.Domain", "Services\Vault\Vault.Service.Domain\Vault.Service.Domain.csproj", "{41F8AED8-347D-4BCA-9213-C9EA7EEF9A01}"
EndProject
Global
	GlobalSection(SolutionConfigurationPlatforms) = preSolution
		Debug|Any CPU = Debug|Any CPU
		Release|Any CPU = Release|Any CPU
	EndGlobalSection
	GlobalSection(ProjectConfigurationPlatforms) = postSolution
		{0C5A633A-2749-4DCD-86A1-ACF3ED44F2EE}.Debug|Any CPU.ActiveCfg = Debug|Any CPU
		{0C5A633A-2749-4DCD-86A1-ACF3ED44F2EE}.Debug|Any CPU.Build.0 = Debug|Any CPU
		{0C5A633A-2749-4DCD-86A1-ACF3ED44F2EE}.Release|Any CPU.ActiveCfg = Release|Any CPU
		{0C5A633A-2749-4DCD-86A1-ACF3ED44F2EE}.Release|Any CPU.Build.0 = Release|Any CPU
		{D8FB087C-25CB-4012-8DC1-461B26C79895}.Debug|Any CPU.ActiveCfg = Debug|Any CPU
		{D8FB087C-25CB-4012-8DC1-461B26C79895}.Debug|Any CPU.Build.0 = Debug|Any CPU
		{D8FB087C-25CB-4012-8DC1-461B26C79895}.Release|Any CPU.ActiveCfg = Release|Any CPU
		{D8FB087C-25CB-4012-8DC1-461B26C79895}.Release|Any CPU.Build.0 = Release|Any CPU
		{CCC1EA69-CA9E-4ADB-B24A-BF8FDA12C352}.Debug|Any CPU.ActiveCfg = Debug|Any CPU
		{CCC1EA69-CA9E-4ADB-B24A-BF8FDA12C352}.Debug|Any CPU.Build.0 = Debug|Any CPU
		{CCC1EA69-CA9E-4ADB-B24A-BF8FDA12C352}.Release|Any CPU.ActiveCfg = Release|Any CPU
		{CCC1EA69-CA9E-4ADB-B24A-BF8FDA12C352}.Release|Any CPU.Build.0 = Release|Any CPU
		{A1FCDA59-2D81-4777-949B-12E377BE0F64}.Debug|Any CPU.ActiveCfg = Debug|Any CPU
		{A1FCDA59-2D81-4777-949B-12E377BE0F64}.Debug|Any CPU.Build.0 = Debug|Any CPU
		{A1FCDA59-2D81-4777-949B-12E377BE0F64}.Release|Any CPU.ActiveCfg = Release|Any CPU
		{A1FCDA59-2D81-4777-949B-12E377BE0F64}.Release|Any CPU.Build.0 = Release|Any CPU
		{774FA28A-1895-4758-8885-864E4438120B}.Debug|Any CPU.ActiveCfg = Debug|Any CPU
		{774FA28A-1895-4758-8885-864E4438120B}.Debug|Any CPU.Build.0 = Debug|Any CPU
		{774FA28A-1895-4758-8885-864E4438120B}.Release|Any CPU.ActiveCfg = Release|Any CPU
		{774FA28A-1895-4758-8885-864E4438120B}.Release|Any CPU.Build.0 = Release|Any CPU
		{CAB8BBEB-97CB-40E3-9C18-5C340F734DCC}.Debug|Any CPU.ActiveCfg = Debug|Any CPU
		{CAB8BBEB-97CB-40E3-9C18-5C340F734DCC}.Debug|Any CPU.Build.0 = Debug|Any CPU
		{CAB8BBEB-97CB-40E3-9C18-5C340F734DCC}.Release|Any CPU.ActiveCfg = Release|Any CPU
		{CAB8BBEB-97CB-40E3-9C18-5C340F734DCC}.Release|Any CPU.Build.0 = Release|Any CPU
		{B2085D5D-DB01-431E-90B1-10B372AF3D54}.Debug|Any CPU.ActiveCfg = Debug|Any CPU
		{B2085D5D-DB01-431E-90B1-10B372AF3D54}.Debug|Any CPU.Build.0 = Debug|Any CPU
		{B2085D5D-DB01-431E-90B1-10B372AF3D54}.Release|Any CPU.ActiveCfg = Release|Any CPU
		{B2085D5D-DB01-431E-90B1-10B372AF3D54}.Release|Any CPU.Build.0 = Release|Any CPU
		{D38EB937-339C-431C-9B50-03E12FAC9702}.Debug|Any CPU.ActiveCfg = Debug|Any CPU
		{D38EB937-339C-431C-9B50-03E12FAC9702}.Debug|Any CPU.Build.0 = Debug|Any CPU
		{D38EB937-339C-431C-9B50-03E12FAC9702}.Release|Any CPU.ActiveCfg = Release|Any CPU
		{D38EB937-339C-431C-9B50-03E12FAC9702}.Release|Any CPU.Build.0 = Release|Any CPU
		{FD569CFE-2B03-4B49-B033-86BC9BEFC6AD}.Debug|Any CPU.ActiveCfg = Debug|Any CPU
		{FD569CFE-2B03-4B49-B033-86BC9BEFC6AD}.Debug|Any CPU.Build.0 = Debug|Any CPU
		{FD569CFE-2B03-4B49-B033-86BC9BEFC6AD}.Release|Any CPU.ActiveCfg = Release|Any CPU
		{FD569CFE-2B03-4B49-B033-86BC9BEFC6AD}.Release|Any CPU.Build.0 = Release|Any CPU
		{B30B0420-757B-4F7E-A264-5A56B77D6E75}.Debug|Any CPU.ActiveCfg = Debug|Any CPU
		{B30B0420-757B-4F7E-A264-5A56B77D6E75}.Debug|Any CPU.Build.0 = Debug|Any CPU
		{B30B0420-757B-4F7E-A264-5A56B77D6E75}.Release|Any CPU.ActiveCfg = Release|Any CPU
		{B30B0420-757B-4F7E-A264-5A56B77D6E75}.Release|Any CPU.Build.0 = Release|Any CPU
		{75013B04-1993-4D33-9A78-CE7C45E02A5F}.Debug|Any CPU.ActiveCfg = Debug|Any CPU
		{75013B04-1993-4D33-9A78-CE7C45E02A5F}.Debug|Any CPU.Build.0 = Debug|Any CPU
		{75013B04-1993-4D33-9A78-CE7C45E02A5F}.Release|Any CPU.ActiveCfg = Release|Any CPU
		{75013B04-1993-4D33-9A78-CE7C45E02A5F}.Release|Any CPU.Build.0 = Release|Any CPU
		{1AB039FC-875C-4AD3-96BC-00EE3204EB3A}.Debug|Any CPU.ActiveCfg = Debug|Any CPU
		{1AB039FC-875C-4AD3-96BC-00EE3204EB3A}.Debug|Any CPU.Build.0 = Debug|Any CPU
		{1AB039FC-875C-4AD3-96BC-00EE3204EB3A}.Release|Any CPU.ActiveCfg = Release|Any CPU
		{1AB039FC-875C-4AD3-96BC-00EE3204EB3A}.Release|Any CPU.Build.0 = Release|Any CPU
		{41F8AED8-347D-4BCA-9213-C9EA7EEF9A01}.Debug|Any CPU.ActiveCfg = Debug|Any CPU
		{41F8AED8-347D-4BCA-9213-C9EA7EEF9A01}.Debug|Any CPU.Build.0 = Debug|Any CPU
		{41F8AED8-347D-4BCA-9213-C9EA7EEF9A01}.Release|Any CPU.ActiveCfg = Release|Any CPU
		{41F8AED8-347D-4BCA-9213-C9EA7EEF9A01}.Release|Any CPU.Build.0 = Release|Any CPU
	EndGlobalSection
	GlobalSection(SolutionProperties) = preSolution
		HideSolutionNode = FALSE
	EndGlobalSection
	GlobalSection(NestedProjects) = preSolution
		{0C5A633A-2749-4DCD-86A1-ACF3ED44F2EE} = {AC474D7A-4013-484B-B0E5-26262DA7C270}
		{D8FB087C-25CB-4012-8DC1-461B26C79895} = {AC474D7A-4013-484B-B0E5-26262DA7C270}
		{CCC1EA69-CA9E-4ADB-B24A-BF8FDA12C352} = {AC474D7A-4013-484B-B0E5-26262DA7C270}
		{A1FCDA59-2D81-4777-949B-12E377BE0F64} = {AC474D7A-4013-484B-B0E5-26262DA7C270}
		{774FA28A-1895-4758-8885-864E4438120B} = {AC474D7A-4013-484B-B0E5-26262DA7C270}
		{CAB8BBEB-97CB-40E3-9C18-5C340F734DCC} = {AC474D7A-4013-484B-B0E5-26262DA7C270}
		{B2085D5D-DB01-431E-90B1-10B372AF3D54} = {AC474D7A-4013-484B-B0E5-26262DA7C270}
		{9F7BB7A6-608F-450D-AD10-51A7756412BA} = {8E487A5C-0B1E-4D33-B6D7-BA48A809315D}
		{D38EB937-339C-431C-9B50-03E12FAC9702} = {9F7BB7A6-608F-450D-AD10-51A7756412BA}
		{FD569CFE-2B03-4B49-B033-86BC9BEFC6AD} = {9F7BB7A6-608F-450D-AD10-51A7756412BA}
		{B30B0420-757B-4F7E-A264-5A56B77D6E75} = {9F7BB7A6-608F-450D-AD10-51A7756412BA}
		{75013B04-1993-4D33-9A78-CE7C45E02A5F} = {AC474D7A-4013-484B-B0E5-26262DA7C270}
		{0843F5D2-CFDB-4D4A-884D-34D6DCA55F4A} = {8E487A5C-0B1E-4D33-B6D7-BA48A809315D}
		{1AB039FC-875C-4AD3-96BC-00EE3204EB3A} = {0843F5D2-CFDB-4D4A-884D-34D6DCA55F4A}
		{41F8AED8-347D-4BCA-9213-C9EA7EEF9A01} = {0843F5D2-CFDB-4D4A-884D-34D6DCA55F4A}
	EndGlobalSection
	GlobalSection(ExtensibilityGlobals) = postSolution
		SolutionGuid = {958ACD1F-7AD3-4FEE-8176-A260E3FCCB71}
	EndGlobalSection
EndGlobal
