
Microsoft Visual Studio Solution File, Format Version 12.00
# Visual Studio Version 17
VisualStudioVersion = 17.7.34031.279
MinimumVisualStudioVersion = 10.0.40219.1
Project("{2150E333-8FDC-42A3-9474-1A3956D46DE8}") = "Common", "Common", "{AC474D7A-4013-484B-B0E5-26262DA7C270}"
EndProject
Project("{9A19103F-16F7-4668-BE54-9A1E7A4F7556}") = "Common.ServiceBus", "Common\Common.ServiceBus\Common.ServiceBus.csproj", "{0C5A633A-2749-4DCD-86A1-ACF3ED44F2EE}"
EndProject
Project("{9A19103F-16F7-4668-BE54-9A1E7A4F7556}") = "Common.Email", "Common\Common.Email\Common.Email.csproj", "{D8FB087C-25CB-4012-8DC1-461B26C79895}"
EndProject
Project("{9A19103F-16F7-4668-BE54-9A1E7A4F7556}") = "Common.ArgumentChecks", "Common\Common.ArgumentChecks\Common.ArgumentChecks.csproj", "{CCC1EA69-CA9E-4ADB-B24A-BF8FDA12C352}"
EndProject
Project("{9A19103F-16F7-4668-BE54-9A1E7A4F7556}") = "Common.Email.Tests.Unit", "Common\Common.Email.Tests.Unit\Common.Email.Tests.Unit.csproj", "{A1FCDA59-2D81-4777-949B-12E377BE0F64}"
EndProject
Project("{9A19103F-16F7-4668-BE54-9A1E7A4F7556}") = "Common.Encryption", "Common\Common.Encryption\Common.Encryption.csproj", "{774FA28A-1895-4758-8885-864E4438120B}"
EndProject
Project("{9A19103F-16F7-4668-BE54-9A1E7A4F7556}") = "Common.Encryption.Tests.Unit", "Common\Common.Encryption.Tests.Unit\Common.Encryption.Tests.Unit.csproj", "{CAB8BBEB-97CB-40E3-9C18-5C340F734DCC}"
EndProject
Project("{2150E333-8FDC-42A3-9474-1A3956D46DE8}") = "Services", "Services", "{8E487A5C-0B1E-4D33-B6D7-BA48A809315D}"
EndProject
Project("{9A19103F-16F7-4668-BE54-9A1E7A4F7556}") = "Notification.Service", "services\Notification.Service\Notification.Service.csproj", "{68BD47E8-8FB8-4012-B28D-3E513E0258F9}"
EndProject
Project("{9A19103F-16F7-4668-BE54-9A1E7A4F7556}") = "Common.ArgumentChecks.Tests.Unit", "Common.ArgumentChecks.Tests.Unit\Common.ArgumentChecks.Tests.Unit.csproj", "{3118C930-B52E-4ACA-8628-850B8CC4A0C1}"
EndProject
Project("{FAE04EC0-301F-11D3-BF4B-00C04F79EFBC}") = "Notification.Service.Domain", "Notification.Service.Domain\Notification.Service.Domain.csproj", "{792731D1-0AA1-42F4-8B73-764A424DC597}"
EndProject
Global
	GlobalSection(SolutionConfigurationPlatforms) = preSolution
		Debug|Any CPU = Debug|Any CPU
		Release|Any CPU = Release|Any CPU
	EndGlobalSection
	GlobalSection(ProjectConfigurationPlatforms) = postSolution
		{0C5A633A-2749-4DCD-86A1-ACF3ED44F2EE}.Debug|Any CPU.ActiveCfg = Debug|Any CPU
		{0C5A633A-2749-4DCD-86A1-ACF3ED44F2EE}.Debug|Any CPU.Build.0 = Debug|Any CPU
		{0C5A633A-2749-4DCD-86A1-ACF3ED44F2EE}.Release|Any CPU.ActiveCfg = Release|Any CPU
		{0C5A633A-2749-4DCD-86A1-ACF3ED44F2EE}.Release|Any CPU.Build.0 = Release|Any CPU
		{D8FB087C-25CB-4012-8DC1-461B26C79895}.Debug|Any CPU.ActiveCfg = Debug|Any CPU
		{D8FB087C-25CB-4012-8DC1-461B26C79895}.Debug|Any CPU.Build.0 = Debug|Any CPU
		{D8FB087C-25CB-4012-8DC1-461B26C79895}.Release|Any CPU.ActiveCfg = Release|Any CPU
		{D8FB087C-25CB-4012-8DC1-461B26C79895}.Release|Any CPU.Build.0 = Release|Any CPU
		{CCC1EA69-CA9E-4ADB-B24A-BF8FDA12C352}.Debug|Any CPU.ActiveCfg = Debug|Any CPU
		{CCC1EA69-CA9E-4ADB-B24A-BF8FDA12C352}.Debug|Any CPU.Build.0 = Debug|Any CPU
		{CCC1EA69-CA9E-4ADB-B24A-BF8FDA12C352}.Release|Any CPU.ActiveCfg = Release|Any CPU
		{CCC1EA69-CA9E-4ADB-B24A-BF8FDA12C352}.Release|Any CPU.Build.0 = Release|Any CPU
		{A1FCDA59-2D81-4777-949B-12E377BE0F64}.Debug|Any CPU.ActiveCfg = Debug|Any CPU
		{A1FCDA59-2D81-4777-949B-12E377BE0F64}.Debug|Any CPU.Build.0 = Debug|Any CPU
		{A1FCDA59-2D81-4777-949B-12E377BE0F64}.Release|Any CPU.ActiveCfg = Release|Any CPU
		{A1FCDA59-2D81-4777-949B-12E377BE0F64}.Release|Any CPU.Build.0 = Release|Any CPU
		{774FA28A-1895-4758-8885-864E4438120B}.Debug|Any CPU.ActiveCfg = Debug|Any CPU
		{774FA28A-1895-4758-8885-864E4438120B}.Debug|Any CPU.Build.0 = Debug|Any CPU
		{774FA28A-1895-4758-8885-864E4438120B}.Release|Any CPU.ActiveCfg = Release|Any CPU
		{774FA28A-1895-4758-8885-864E4438120B}.Release|Any CPU.Build.0 = Release|Any CPU
		{CAB8BBEB-97CB-40E3-9C18-5C340F734DCC}.Debug|Any CPU.ActiveCfg = Debug|Any CPU
		{CAB8BBEB-97CB-40E3-9C18-5C340F734DCC}.Debug|Any CPU.Build.0 = Debug|Any CPU
		{CAB8BBEB-97CB-40E3-9C18-5C340F734DCC}.Release|Any CPU.ActiveCfg = Release|Any CPU
		{CAB8BBEB-97CB-40E3-9C18-5C340F734DCC}.Release|Any CPU.Build.0 = Release|Any CPU
		{68BD47E8-8FB8-4012-B28D-3E513E0258F9}.Debug|Any CPU.ActiveCfg = Debug|Any CPU
		{68BD47E8-8FB8-4012-B28D-3E513E0258F9}.Debug|Any CPU.Build.0 = Debug|Any CPU
		{68BD47E8-8FB8-4012-B28D-3E513E0258F9}.Release|Any CPU.ActiveCfg = Release|Any CPU
		{68BD47E8-8FB8-4012-B28D-3E513E0258F9}.Release|Any CPU.Build.0 = Release|Any CPU
		{3118C930-B52E-4ACA-8628-850B8CC4A0C1}.Debug|Any CPU.ActiveCfg = Debug|Any CPU
		{3118C930-B52E-4ACA-8628-850B8CC4A0C1}.Debug|Any CPU.Build.0 = Debug|Any CPU
		{3118C930-B52E-4ACA-8628-850B8CC4A0C1}.Release|Any CPU.ActiveCfg = Release|Any CPU
		{3118C930-B52E-4ACA-8628-850B8CC4A0C1}.Release|Any CPU.Build.0 = Release|Any CPU
		{792731D1-0AA1-42F4-8B73-764A424DC597}.Debug|Any CPU.ActiveCfg = Debug|Any CPU
		{792731D1-0AA1-42F4-8B73-764A424DC597}.Debug|Any CPU.Build.0 = Debug|Any CPU
		{792731D1-0AA1-42F4-8B73-764A424DC597}.Release|Any CPU.ActiveCfg = Release|Any CPU
		{792731D1-0AA1-42F4-8B73-764A424DC597}.Release|Any CPU.Build.0 = Release|Any CPU
	EndGlobalSection
	GlobalSection(SolutionProperties) = preSolution
		HideSolutionNode = FALSE
	EndGlobalSection
	GlobalSection(NestedProjects) = preSolution
		{0C5A633A-2749-4DCD-86A1-ACF3ED44F2EE} = {AC474D7A-4013-484B-B0E5-26262DA7C270}
		{D8FB087C-25CB-4012-8DC1-461B26C79895} = {AC474D7A-4013-484B-B0E5-26262DA7C270}
		{CCC1EA69-CA9E-4ADB-B24A-BF8FDA12C352} = {AC474D7A-4013-484B-B0E5-26262DA7C270}
		{A1FCDA59-2D81-4777-949B-12E377BE0F64} = {AC474D7A-4013-484B-B0E5-26262DA7C270}
		{774FA28A-1895-4758-8885-864E4438120B} = {AC474D7A-4013-484B-B0E5-26262DA7C270}
		{CAB8BBEB-97CB-40E3-9C18-5C340F734DCC} = {AC474D7A-4013-484B-B0E5-26262DA7C270}
		{68BD47E8-8FB8-4012-B28D-3E513E0258F9} = {8E487A5C-0B1E-4D33-B6D7-BA48A809315D}
		{3118C930-B52E-4ACA-8628-850B8CC4A0C1} = {AC474D7A-4013-484B-B0E5-26262DA7C270}
		{792731D1-0AA1-42F4-8B73-764A424DC597} = {8E487A5C-0B1E-4D33-B6D7-BA48A809315D}
	EndGlobalSection
	GlobalSection(ExtensibilityGlobals) = postSolution
		SolutionGuid = {958ACD1F-7AD3-4FEE-8176-A260E3FCCB71}
	EndGlobalSection
EndGlobal
